version = 1
revision = 3
requires-python = ">=3.10"

[[package]]
name = "bump-py-version"
version = "2.0.6"
source = { editable = "." }
dependencies = [
    { name = "toml" },
    { name = "tomlkit" },
    { name = "types-toml" },
]

[package.metadata]
requires-dist = [
    { name = "toml", specifier = "==0.10.2" },
    { name = "tomlkit", specifier = "==0.13.3" },
    { name = "types-toml", specifier = "==0.10.8.20240310" },
]

[[package]]
name = "toml"
version = "0.10.2"
source = { registry = "https://pypi.org/simple" }
sdist = { url = "https://files.pythonhosted.org/packages/be/ba/1f744cdc819428fc6b5084ec34d9b30660f6f9daaf70eead706e3203ec3c/toml-0.10.2.tar.gz", hash = "sha256:b3bda1d108d5dd99f4a20d24d9c348e91c4db7ab1b749200bded2f839ccbe68f", size = 22253, upload-time = "2020-11-01T01:40:22.204Z" }
wheels = [
    { url = "https://files.pythonhosted.org/packages/44/6f/7120676b6d73228c96e17f1f794d8ab046fc910d781c8d151120c3f1569e/toml-0.10.2-py2.py3-none-any.whl", hash = "sha256:806143ae5bfb6a3c6e736a764057db0e6a0e05e338b5630894a5f779cabb4f9b", size = 16588, upload-time = "2020-11-01T01:40:20.672Z" },
]

[[package]]
name = "tomlkit"
version = "0.13.3"
source = { registry = "https://pypi.org/simple" }
sdist = { url = "https://files.pythonhosted.org/packages/cc/18/0bbf3884e9eaa38819ebe46a7bd25dcd56b67434402b66a58c4b8e552575/tomlkit-0.13.3.tar.gz", hash = "sha256:430cf247ee57df2b94ee3fbe588e71d362a941ebb545dec29b53961d61add2a1", size = 185207, upload-time = "2025-06-05T07:13:44.947Z" }
wheels = [
    { url = "https://files.pythonhosted.org/packages/bd/75/8539d011f6be8e29f339c42e633aae3cb73bffa95dd0f9adec09b9c58e85/tomlkit-0.13.3-py3-none-any.whl", hash = "sha256:c89c649d79ee40629a9fda55f8ace8c6a1b42deb912b2a8fd8d942ddadb606b0", size = 38901, upload-time = "2025-06-05T07:13:43.546Z" },
]

[[package]]
name = "types-toml"
version = "0.10.8.20240310"
source = { registry = "https://pypi.org/simple" }
sdist = { url = "https://files.pythonhosted.org/packages/86/47/3e4c75042792bff8e90d7991aa5c51812cc668828cc6cce711e97f63a607/types-toml-0.10.8.20240310.tar.gz", hash = "sha256:3d41501302972436a6b8b239c850b26689657e25281b48ff0ec06345b8830331", size = 4392, upload-time = "2024-03-10T02:18:37.518Z" }
wheels = [
    { url = "https://files.pythonhosted.org/packages/da/a2/d32ab58c0b216912638b140ab2170ee4b8644067c293b170e19fba340ccc/types_toml-0.10.8.20240310-py3-none-any.whl", hash = "sha256:627b47775d25fa29977d9c70dc0cbab3f314f32c8d8d0c012f2ef5de7aaec05d", size = 4777, upload-time = "2024-03-10T02:18:36.568Z" },
]
